// !$*UTF8*$!
{
	archiveVersion = 1;
	classes = {
	};
	objectVersion = 46;
	objects = {

/* Begin PBXBuildFile section */
		4E4676D91A7F0F4E0044D703 /* ImgKids.jpg in Resources */ = {isa = PBXBuildFile; fileRef = 4E4676D81A7F0F4E0044D703 /* ImgKids.jpg */; };
		4E4676DB1A7F16140044D703 /* ImgButton1.png in Resources */ = {isa = PBXBuildFile; fileRef = 4E4676DA1A7F16140044D703 /* ImgButton1.png */; };
		4E4676DD1A810F350044D703 /* ImgCongratulations.jpg in Resources */ = {isa = PBXBuildFile; fileRef = 4E4676DC1A810F350044D703 /* ImgCongratulations.jpg */; };
		4E4676E31A8114520044D703 /* ImgStart.png in Resources */ = {isa = PBXBuildFile; fileRef = 4E4676E21A8114520044D703 /* ImgStart.png */; };
		4E4676E51A8114EA0044D703 /* ImgSad.png in Resources */ = {isa = PBXBuildFile; fileRef = 4E4676E41A8114EA0044D703 /* ImgSad.png */; };
		4E4676E71A8259520044D703 /* CorrectionTipViewController.swift in Sources */ = {isa = PBXBuildFile; fileRef = 4E4676E61A8259520044D703 /* CorrectionTipViewController.swift */; };
		4EC840281A76791800A7E61E /* AppDelegate.swift in Sources */ = {isa = PBXBuildFile; fileRef = 4EC840271A76791800A7E61E /* AppDelegate.swift */; };
		4EC8402A1A76791800A7E61E /* ViewController.swift in Sources */ = {isa = PBXBuildFile; fileRef = 4EC840291A76791800A7E61E /* ViewController.swift */; };
		4EC8402D1A76791800A7E61E /* Main.storyboard in Resources */ = {isa = PBXBuildFile; fileRef = 4EC8402B1A76791800A7E61E /* Main.storyboard */; };
		4EC8402F1A76791800A7E61E /* Images.xcassets in Resources */ = {isa = PBXBuildFile; fileRef = 4EC8402E1A76791800A7E61E /* Images.xcassets */; };
		4EC840321A76791800A7E61E /* LaunchScreen.xib in Resources */ = {isa = PBXBuildFile; fileRef = 4EC840301A76791800A7E61E /* LaunchScreen.xib */; };
		4EC8403E1A76791800A7E61E /* SentenceCorrectionForChildrenTests.swift in Sources */ = {isa = PBXBuildFile; fileRef = 4EC8403D1A76791800A7E61E /* SentenceCorrectionForChildrenTests.swift */; };
		4EDF21741A83A41700E3115C /* MenuListRepository.plist in Resources */ = {isa = PBXBuildFile; fileRef = 4EDF21731A83A41700E3115C /* MenuListRepository.plist */; };
		4EDF21781A83A78E00E3115C /* MenuViewController.swift in Sources */ = {isa = PBXBuildFile; fileRef = 4EDF21771A83A78E00E3115C /* MenuViewController.swift */; };
		4EF2B6881A77B8FE00C380A9 /* SentenceListRepository.plist in Resources */ = {isa = PBXBuildFile; fileRef = 4EF2B6871A77B8FE00C380A9 /* SentenceListRepository.plist */; };
/* End PBXBuildFile section */

/* Begin PBXContainerItemProxy section */
		4EC840381A76791800A7E61E /* PBXContainerItemProxy */ = {
			isa = PBXContainerItemProxy;
			containerPortal = 4EC8401A1A76791800A7E61E /* Project object */;
			proxyType = 1;
			remoteGlobalIDString = 4EC840211A76791800A7E61E;
			remoteInfo = SentenceCorrectionForChildren;
		};
/* End PBXContainerItemProxy section */

/* Begin PBXFileReference section */
		4E4676D81A7F0F4E0044D703 /* ImgKids.jpg */ = {isa = PBXFileReference; lastKnownFileType = image.jpeg; name = ImgKids.jpg; path = ../ImgKids.jpg; sourceTree = "<group>"; };
		4E4676DA1A7F16140044D703 /* ImgButton1.png */ = {isa = PBXFileReference; lastKnownFileType = image.png; path = ImgButton1.png; sourceTree = SOURCE_ROOT; };
		4E4676DC1A810F350044D703 /* ImgCongratulations.jpg */ = {isa = PBXFileReference; lastKnownFileType = image.jpeg; path = ImgCongratulations.jpg; sourceTree = SOURCE_ROOT; };
		4E4676E21A8114520044D703 /* ImgStart.png */ = {isa = PBXFileReference; lastKnownFileType = image.png; path = ImgStart.png; sourceTree = SOURCE_ROOT; };
		4E4676E41A8114EA0044D703 /* ImgSad.png */ = {isa = PBXFileReference; lastKnownFileType = image.png; path = ImgSad.png; sourceTree = SOURCE_ROOT; };
		4E4676E61A8259520044D703 /* CorrectionTipViewController.swift */ = {isa = PBXFileReference; fileEncoding = 4; lastKnownFileType = sourcecode.swift; path = CorrectionTipViewController.swift; sourceTree = "<group>"; };
		4EC840221A76791800A7E61E /* SentenceCorrectionForChildren.app */ = {isa = PBXFileReference; explicitFileType = wrapper.application; includeInIndex = 0; path = SentenceCorrectionForChildren.app; sourceTree = BUILT_PRODUCTS_DIR; };
		4EC840261A76791800A7E61E /* Info.plist */ = {isa = PBXFileReference; lastKnownFileType = text.plist.xml; path = Info.plist; sourceTree = "<group>"; };
		4EC840271A76791800A7E61E /* AppDelegate.swift */ = {isa = PBXFileReference; lastKnownFileType = sourcecode.swift; path = AppDelegate.swift; sourceTree = "<group>"; };
		4EC840291A76791800A7E61E /* ViewController.swift */ = {isa = PBXFileReference; lastKnownFileType = sourcecode.swift; path = ViewController.swift; sourceTree = "<group>"; };
		4EC8402C1A76791800A7E61E /* Base */ = {isa = PBXFileReference; lastKnownFileType = file.storyboard; name = Base; path = Base.lproj/Main.storyboard; sourceTree = "<group>"; };
		4EC8402E1A76791800A7E61E /* Images.xcassets */ = {isa = PBXFileReference; lastKnownFileType = folder.assetcatalog; path = Images.xcassets; sourceTree = "<group>"; };
		4EC840311A76791800A7E61E /* Base */ = {isa = PBXFileReference; lastKnownFileType = file.xib; name = Base; path = Base.lproj/LaunchScreen.xib; sourceTree = "<group>"; };
		4EC840371A76791800A7E61E /* SentenceCorrectionForChildrenTests.xctest */ = {isa = PBXFileReference; explicitFileType = wrapper.cfbundle; includeInIndex = 0; path = SentenceCorrectionForChildrenTests.xctest; sourceTree = BUILT_PRODUCTS_DIR; };
		4EC8403C1A76791800A7E61E /* Info.plist */ = {isa = PBXFileReference; lastKnownFileType = text.plist.xml; path = Info.plist; sourceTree = "<group>"; };
		4EC8403D1A76791800A7E61E /* SentenceCorrectionForChildrenTests.swift */ = {isa = PBXFileReference; lastKnownFileType = sourcecode.swift; path = SentenceCorrectionForChildrenTests.swift; sourceTree = "<group>"; };
		4EDF21731A83A41700E3115C /* MenuListRepository.plist */ = {isa = PBXFileReference; fileEncoding = 4; lastKnownFileType = text.plist.xml; path = MenuListRepository.plist; sourceTree = "<group>"; };
		4EDF21771A83A78E00E3115C /* MenuViewController.swift */ = {isa = PBXFileReference; fileEncoding = 4; lastKnownFileType = sourcecode.swift; path = MenuViewController.swift; sourceTree = "<group>"; };
		4EF2B6871A77B8FE00C380A9 /* SentenceListRepository.plist */ = {isa = PBXFileReference; fileEncoding = 4; lastKnownFileType = text.plist.xml; name = SentenceListRepository.plist; path = ../SentenceListRepository.plist; sourceTree = "<group>"; };
/* End PBXFileReference section */

/* Begin PBXFrameworksBuildPhase section */
		4EC8401F1A76791800A7E61E /* Frameworks */ = {
			isa = PBXFrameworksBuildPhase;
			buildActionMask = 2147483647;
			files = (
			);
			runOnlyForDeploymentPostprocessing = 0;
		};
		4EC840341A76791800A7E61E /* Frameworks */ = {
			isa = PBXFrameworksBuildPhase;
			buildActionMask = 2147483647;
			files = (
			);
			runOnlyForDeploymentPostprocessing = 0;
		};
/* End PBXFrameworksBuildPhase section */

/* Begin PBXGroup section */
		4EC840191A76791800A7E61E = {
			isa = PBXGroup;
			children = (
				4EC840241A76791800A7E61E /* SentenceCorrectionForChildren */,
				4EC8403A1A76791800A7E61E /* SentenceCorrectionForChildrenTests */,
				4EC840231A76791800A7E61E /* Products */,
			);
			sourceTree = "<group>";
		};
		4EC840231A76791800A7E61E /* Products */ = {
			isa = PBXGroup;
			children = (
				4EC840221A76791800A7E61E /* SentenceCorrectionForChildren.app */,
				4EC840371A76791800A7E61E /* SentenceCorrectionForChildrenTests.xctest */,
			);
			name = Products;
			sourceTree = "<group>";
		};
		4EC840241A76791800A7E61E /* SentenceCorrectionForChildren */ = {
			isa = PBXGroup;
			children = (
				4EDF21771A83A78E00E3115C /* MenuViewController.swift */,
				4EC840271A76791800A7E61E /* AppDelegate.swift */,
				4EC840291A76791800A7E61E /* ViewController.swift */,
				4EC8402B1A76791800A7E61E /* Main.storyboard */,
				4E4676E61A8259520044D703 /* CorrectionTipViewController.swift */,
				4EC8402E1A76791800A7E61E /* Images.xcassets */,
				4EC840301A76791800A7E61E /* LaunchScreen.xib */,
				4EC840251A76791800A7E61E /* Supporting Files */,
			);
			path = SentenceCorrectionForChildren;
			sourceTree = "<group>";
		};
		4EC840251A76791800A7E61E /* Supporting Files */ = {
			isa = PBXGroup;
			children = (
				4E4676E41A8114EA0044D703 /* ImgSad.png */,
				4E4676E21A8114520044D703 /* ImgStart.png */,
				4E4676DC1A810F350044D703 /* ImgCongratulations.jpg */,
				4E4676DA1A7F16140044D703 /* ImgButton1.png */,
				4E4676D81A7F0F4E0044D703 /* ImgKids.jpg */,
				4EF2B6871A77B8FE00C380A9 /* SentenceListRepository.plist */,
				4EC840261A76791800A7E61E /* Info.plist */,
				4EDF21731A83A41700E3115C /* MenuListRepository.plist */,
			);
			name = "Supporting Files";
			sourceTree = "<group>";
		};
		4EC8403A1A76791800A7E61E /* SentenceCorrectionForChildrenTests */ = {
			isa = PBXGroup;
			children = (
				4EC8403D1A76791800A7E61E /* SentenceCorrectionForChildrenTests.swift */,
				4EC8403B1A76791800A7E61E /* Supporting Files */,
			);
			path = SentenceCorrectionForChildrenTests;
			sourceTree = "<group>";
		};
		4EC8403B1A76791800A7E61E /* Supporting Files */ = {
			isa = PBXGroup;
			children = (
				4EC8403C1A76791800A7E61E /* Info.plist */,
			);
			name = "Supporting Files";
			sourceTree = "<group>";
		};
/* End PBXGroup section */

/* Begin PBXNativeTarget section */
		4EC840211A76791800A7E61E /* SentenceCorrectionForChildren */ = {
			isa = PBXNativeTarget;
			buildConfigurationList = 4EC840411A76791800A7E61E /* Build configuration list for PBXNativeTarget "SentenceCorrectionForChildren" */;
			buildPhases = (
				4EC8401E1A76791800A7E61E /* Sources */,
				4EC8401F1A76791800A7E61E /* Frameworks */,
				4EC840201A76791800A7E61E /* Resources */,
			);
			buildRules = (
			);
			dependencies = (
			);
			name = SentenceCorrectionForChildren;
			productName = SentenceCorrectionForChildren;
			productReference = 4EC840221A76791800A7E61E /* SentenceCorrectionForChildren.app */;
			productType = "com.apple.product-type.application";
		};
		4EC840361A76791800A7E61E /* SentenceCorrectionForChildrenTests */ = {
			isa = PBXNativeTarget;
			buildConfigurationList = 4EC840441A76791800A7E61E /* Build configuration list for PBXNativeTarget "SentenceCorrectionForChildrenTests" */;
			buildPhases = (
				4EC840331A76791800A7E61E /* Sources */,
				4EC840341A76791800A7E61E /* Frameworks */,
				4EC840351A76791800A7E61E /* Resources */,
			);
			buildRules = (
			);
			dependencies = (
				4EC840391A76791800A7E61E /* PBXTargetDependency */,
			);
			name = SentenceCorrectionForChildrenTests;
			productName = SentenceCorrectionForChildrenTests;
			productReference = 4EC840371A76791800A7E61E /* SentenceCorrectionForChildrenTests.xctest */;
			productType = "com.apple.product-type.bundle.unit-test";
		};
/* End PBXNativeTarget section */

/* Begin PBXProject section */
		4EC8401A1A76791800A7E61E /* Project object */ = {
			isa = PBXProject;
			attributes = {
				LastUpgradeCheck = 0610;
				ORGANIZATIONNAME = NewLearnings;
				TargetAttributes = {
					4EC840211A76791800A7E61E = {
						CreatedOnToolsVersion = 6.1.1;
					};
					4EC840361A76791800A7E61E = {
						CreatedOnToolsVersion = 6.1.1;
						TestTargetID = 4EC840211A76791800A7E61E;
					};
				};
			};
			buildConfigurationList = 4EC8401D1A76791800A7E61E /* Build configuration list for PBXProject "SentenceCorrectionForChildren" */;
			compatibilityVersion = "Xcode 3.2";
			developmentRegion = English;
			hasScannedForEncodings = 0;
			knownRegions = (
				en,
				Base,
			);
			mainGroup = 4EC840191A76791800A7E61E;
			productRefGroup = 4EC840231A76791800A7E61E /* Products */;
			projectDirPath = "";
			projectRoot = "";
			targets = (
				4EC840211A76791800A7E61E /* SentenceCorrectionForChildren */,
				4EC840361A76791800A7E61E /* SentenceCorrectionForChildrenTests */,
			);
		};
/* End PBXProject section */

/* Begin PBXResourcesBuildPhase section */
		4EC840201A76791800A7E61E /* Resources */ = {
			isa = PBXResourcesBuildPhase;
			buildActionMask = 2147483647;
			files = (
				4E4676E51A8114EA0044D703 /* ImgSad.png in Resources */,
				4EC8402D1A76791800A7E61E /* Main.storyboard in Resources */,
				4E4676DD1A810F350044D703 /* ImgCongratulations.jpg in Resources */,
				4E4676E31A8114520044D703 /* ImgStart.png in Resources */,
				4E4676DB1A7F16140044D703 /* ImgButton1.png in Resources */,
				4EDF21741A83A41700E3115C /* MenuListRepository.plist in Resources */,
				4E4676D91A7F0F4E0044D703 /* ImgKids.jpg in Resources */,
				4EC840321A76791800A7E61E /* LaunchScreen.xib in Resources */,
				4EC8402F1A76791800A7E61E /* Images.xcassets in Resources */,
				4EF2B6881A77B8FE00C380A9 /* SentenceListRepository.plist in Resources */,
			);
			runOnlyForDeploymentPostprocessing = 0;
		};
		4EC840351A76791800A7E61E /* Resources */ = {
			isa = PBXResourcesBuildPhase;
			buildActionMask = 2147483647;
			files = (
			);
			runOnlyForDeploymentPostprocessing = 0;
		};
/* End PBXResourcesBuildPhase section */

/* Begin PBXSourcesBuildPhase section */
		4EC8401E1A76791800A7E61E /* Sources */ = {
			isa = PBXSourcesBuildPhase;
			buildActionMask = 2147483647;
			files = (
				4EC8402A1A76791800A7E61E /* ViewController.swift in Sources */,
				4EC840281A76791800A7E61E /* AppDelegate.swift in Sources */,
				4E4676E71A8259520044D703 /* CorrectionTipViewController.swift in Sources */,
				4EDF21781A83A78E00E3115C /* MenuViewController.swift in Sources */,
			);
			runOnlyForDeploymentPostprocessing = 0;
		};
		4EC840331A76791800A7E61E /* Sources */ = {
			isa = PBXSourcesBuildPhase;
			buildActionMask = 2147483647;
			files = (
				4EC8403E1A76791800A7E61E /* SentenceCorrectionForChildrenTests.swift in Sources */,
			);
			runOnlyForDeploymentPostprocessing = 0;
		};
/* End PBXSourcesBuildPhase section */

/* Begin PBXTargetDependency section */
		4EC840391A76791800A7E61E /* PBXTargetDependency */ = {
			isa = PBXTargetDependency;
			target = 4EC840211A76791800A7E61E /* SentenceCorrectionForChildren */;
			targetProxy = 4EC840381A76791800A7E61E /* PBXContainerItemProxy */;
		};
/* End PBXTargetDependency section */

/* Begin PBXVariantGroup section */
		4EC8402B1A76791800A7E61E /* Main.storyboard */ = {
			isa = PBXVariantGroup;
			children = (
				4EC8402C1A76791800A7E61E /* Base */,
			);
			name = Main.storyboard;
			sourceTree = "<group>";
		};
		4EC840301A76791800A7E61E /* LaunchScreen.xib */ = {
			isa = PBXVariantGroup;
			children = (
				4EC840311A76791800A7E61E /* Base */,
			);
			name = LaunchScreen.xib;
			sourceTree = "<group>";
		};
/* End PBXVariantGroup section */

/* Begin XCBuildConfiguration section */
		4EC8403F1A76791800A7E61E /* Debug */ = {
			isa = XCBuildConfiguration;
			buildSettings = {
				ALWAYS_SEARCH_USER_PATHS = NO;
				CLANG_CXX_LANGUAGE_STANDARD = "gnu++0x";
				CLANG_CXX_LIBRARY = "libc++";
				CLANG_ENABLE_MODULES = YES;
				CLANG_ENABLE_OBJC_ARC = YES;
				CLANG_WARN_BOOL_CONVERSION = YES;
				CLANG_WARN_CONSTANT_CONVERSION = YES;
				CLANG_WARN_DIRECT_OBJC_ISA_USAGE = YES_ERROR;
				CLANG_WARN_EMPTY_BODY = YES;
				CLANG_WARN_ENUM_CONVERSION = YES;
				CLANG_WARN_INT_CONVERSION = YES;
				CLANG_WARN_OBJC_ROOT_CLASS = YES_ERROR;
				CLANG_WARN_UNREACHABLE_CODE = YES;
				CLANG_WARN__DUPLICATE_METHOD_MATCH = YES;
				"CODE_SIGN_IDENTITY[sdk=iphoneos*]" = "iPhone Developer";
				COPY_PHASE_STRIP = NO;
				ENABLE_STRICT_OBJC_MSGSEND = YES;
				GCC_C_LANGUAGE_STANDARD = gnu99;
				GCC_DYNAMIC_NO_PIC = NO;
				GCC_OPTIMIZATION_LEVEL = 0;
				GCC_PREPROCESSOR_DEFINITIONS = (
					"DEBUG=1",
					"$(inherited)",
				);
				GCC_SYMBOLS_PRIVATE_EXTERN = NO;
				GCC_WARN_64_TO_32_BIT_CONVERSION = YES;
				GCC_WARN_ABOUT_RETURN_TYPE = YES_ERROR;
				GCC_WARN_UNDECLARED_SELECTOR = YES;
				GCC_WARN_UNINITIALIZED_AUTOS = YES_AGGRESSIVE;
				GCC_WARN_UNUSED_FUNCTION = YES;
				GCC_WARN_UNUSED_VARIABLE = YES;
				IPHONEOS_DEPLOYMENT_TARGET = 8.1;
				MTL_ENABLE_DEBUG_INFO = YES;
				ONLY_ACTIVE_ARCH = YES;
				SDKROOT = iphoneos;
				SWIFT_OPTIMIZATION_LEVEL = "-Onone";
			};
			name = Debug;
		};
		4EC840401A76791800A7E61E /* Release */ = {
			isa = XCBuildConfiguration;
			buildSettings = {
				ALWAYS_SEARCH_USER_PATHS = NO;
				CLANG_CXX_LANGUAGE_STANDARD = "gnu++0x";
				CLANG_CXX_LIBRARY = "libc++";
				CLANG_ENABLE_MODULES = YES;
				CLANG_ENABLE_OBJC_ARC = YES;
				CLANG_WARN_BOOL_CONVERSION = YES;
				CLANG_WARN_CONSTANT_CONVERSION = YES;
				CLANG_WARN_DIRECT_OBJC_ISA_USAGE = YES_ERROR;
				CLANG_WARN_EMPTY_BODY = YES;
				CLANG_WARN_ENUM_CONVERSION = YES;
				CLANG_WARN_INT_CONVERSION = YES;
				CLANG_WARN_OBJC_ROOT_CLASS = YES_ERROR;
				CLANG_WARN_UNREACHABLE_CODE = YES;
				CLANG_WARN__DUPLICATE_METHOD_MATCH = YES;
				"CODE_SIGN_IDENTITY[sdk=iphoneos*]" = "iPhone Developer";
				COPY_PHASE_STRIP = YES;
				ENABLE_NS_ASSERTIONS = NO;
				ENABLE_STRICT_OBJC_MSGSEND = YES;
				GCC_C_LANGUAGE_STANDARD = gnu99;
				GCC_WARN_64_TO_32_BIT_CONVERSION = YES;
				GCC_WARN_ABOUT_RETURN_TYPE = YES_ERROR;
				GCC_WARN_UNDECLARED_SELECTOR = YES;
				GCC_WARN_UNINITIALIZED_AUTOS = YES_AGGRESSIVE;
				GCC_WARN_UNUSED_FUNCTION = YES;
				GCC_WARN_UNUSED_VARIABLE = YES;
				IPHONEOS_DEPLOYMENT_TARGET = 8.1;
				MTL_ENABLE_DEBUG_INFO = NO;
				SDKROOT = iphoneos;
				VALIDATE_PRODUCT = YES;
			};
			name = Release;
		};
		4EC840421A76791800A7E61E /* Debug */ = {
			isa = XCBuildConfiguration;
			buildSettings = {
				ASSETCATALOG_COMPILER_APPICON_NAME = AppIcon;
				INFOPLIST_FILE = SentenceCorrectionForChildren/Info.plist;
				LD_RUNPATH_SEARCH_PATHS = "$(inherited) @executable_path/Frameworks";
				PRODUCT_NAME = "$(TARGET_NAME)";
			};
			name = Debug;
		};
		4EC840431A76791800A7E61E /* Release */ = {
			isa = XCBuildConfiguration;
			buildSettings = {
				ASSETCATALOG_COMPILER_APPICON_NAME = AppIcon;
				INFOPLIST_FILE = SentenceCorrectionForChildren/Info.plist;
				LD_RUNPATH_SEARCH_PATHS = "$(inherited) @executable_path/Frameworks";
				PRODUCT_NAME = "$(TARGET_NAME)";
			};
			name = Release;
		};
		4EC840451A76791800A7E61E /* Debug */ = {
			isa = XCBuildConfiguration;
			buildSettings = {
				BUNDLE_LOADER = "$(TEST_HOST)";
				FRAMEWORK_SEARCH_PATHS = (
					"$(SDKROOT)/Developer/Library/Frameworks",
					"$(inherited)",
				);
				GCC_PREPROCESSOR_DEFINITIONS = (
					"DEBUG=1",
					"$(inherited)",
				);
				INFOPLIST_FILE = SentenceCorrectionForChildrenTests/Info.plist;
				LD_RUNPATH_SEARCH_PATHS = "$(inherited) @executable_path/Frameworks @loader_path/Frameworks";
				PRODUCT_NAME = "$(TARGET_NAME)";
				TEST_HOST = "$(BUILT_PRODUCTS_DIR)/SentenceCorrectionForChildren.app/SentenceCorrectionForChildren";
			};
			name = Debug;
		};
		4EC840461A76791800A7E61E /* Release */ = {
			isa = XCBuildConfiguration;
			buildSettings = {
				BUNDLE_LOADER = "$(TEST_HOST)";
				FRAMEWORK_SEARCH_PATHS = (
					"$(SDKROOT)/Developer/Library/Frameworks",
					"$(inherited)",
				);
				INFOPLIST_FILE = SentenceCorrectionForChildrenTests/Info.plist;
				LD_RUNPATH_SEARCH_PATHS = "$(inherited) @executable_path/Frameworks @loader_path/Frameworks";
				PRODUCT_NAME = "$(TARGET_NAME)";
				TEST_HOST = "$(BUILT_PRODUCTS_DIR)/SentenceCorrectionForChildren.app/SentenceCorrectionForChildren";
			};
			name = Release;
		};
/* End XCBuildConfiguration section */

/* Begin XCConfigurationList section */
		4EC8401D1A76791800A7E61E /* Build configuration list for PBXProject "SentenceCorrectionForChildren" */ = {
			isa = XCConfigurationList;
			buildConfigurations = (
				4EC8403F1A76791800A7E61E /* Debug */,
				4EC840401A76791800A7E61E /* Release */,
			);
			defaultConfigurationIsVisible = 0;
			defaultConfigurationName = Release;
		};
		4EC840411A76791800A7E61E /* Build configuration list for PBXNativeTarget "SentenceCorrectionForChildren" */ = {
			isa = XCConfigurationList;
			buildConfigurations = (
				4EC840421A76791800A7E61E /* Debug */,
				4EC840431A76791800A7E61E /* Release */,
			);
			defaultConfigurationIsVisible = 0;
			defaultConfigurationName = Release;
		};
		4EC840441A76791800A7E61E /* Build configuration list for PBXNativeTarget "SentenceCorrectionForChildrenTests" */ = {
			isa = XCConfigurationList;
			buildConfigurations = (
				4EC840451A76791800A7E61E /* Debug */,
				4EC840461A76791800A7E61E /* Release */,
			);
			defaultConfigurationIsVisible = 0;
			defaultConfigurationName = Release;
		};
/* End XCConfigurationList section */
	};
	rootObject = 4EC8401A1A76791800A7E61E /* Project object */;
}
